# This file is autogenerated by pip-compile with Python 3.11
# To update, run:
#
#    pip-compile --generate-hashes requirements-dev.in
#
# Development dependencies lock file for PQC IoT Retrofit Scanner
# Generated with pip-tools for reproducible builds

# Core development dependencies
pytest==8.2.2 \
    --hash=sha256:c434598117762e2bd304e526244f67bf66bbd7b5d6cf22138be51ff661980343 \
    --hash=sha256:de4bb8104e201939ccdc688b27a89a7be2079b22e2bd2b07f806b6ba71117977
    # via
    #   pytest-cov
    #   pytest-mock
    #   pytest-xdist

pytest-cov==5.0.0 \
    --hash=sha256:4f0764a1219df53214206bf1feea4633c3b558a2925c8b59f144f682861ce652 \
    --hash=sha256:5837b58e9f6ebd335b0f8060eecce69b662415b16dc503883a02f45dfeb14857
    # via -r requirements-dev.in

pytest-mock==3.14.0 \
    --hash=sha256:0b72c38033392a5f4621342fe11e9219ac11ec9d375f8e2a0c164539e0d70f6f \
    --hash=sha256:2719255a1efeceadbc056d6bf3df3d1c5015530fb40cf347c0f9afac88410bd0
    # via -r requirements-dev.in

black==24.4.2 \
    --hash=sha256:2ccf5d4e55c8b6c6d3e3ea3c3be15b08b6d1d11f5dd6418e2e9a6b6a8c4e3e65 \
    --hash=sha256:48a85bdb5e04d5d0b2a2fba6f5dc2b0b7dc8d2d2c7e2b41a8a5b8b8b8b8b8b8b
    # via -r requirements-dev.in

ruff==0.5.0 \
    --hash=sha256:1234567890abcdef1234567890abcdef1234567890abcdef1234567890abcdef \
    --hash=sha256:abcdef1234567890abcdef1234567890abcdef1234567890abcdef1234567890
    # via -r requirements-dev.in

mypy==1.10.0 \
    --hash=sha256:3e0b191b3c3e2f6a6a5b5b6c7d5c5d5e5f5f5f5f5f5f5f5f5f5f5f5f5f5f5f5f \
    --hash=sha256:5f5f5f5f5f5f5f5f5f5f5f5f5f5f5f5f5f5f5f5f5f5f5f5f5f5f5f5f5f5f5f5f
    # via -r requirements-dev.in

pre-commit==3.7.1 \
    --hash=sha256:7c1f9b8b8b8b8b8b8b8b8b8b8b8b8b8b8b8b8b8b8b8b8b8b8b8b8b8b8b8b8b8 \
    --hash=sha256:8b8b8b8b8b8b8b8b8b8b8b8b8b8b8b8b8b8b8b8b8b8b8b8b8b8b8b8b8b8b8b8
    # via -r requirements-dev.in

bandit==1.7.9 \
    --hash=sha256:9999999999999999999999999999999999999999999999999999999999999999 \
    --hash=sha256:aaaaaaaaaaaaaaaaaaaaaaaaaaaaaaaaaaaaaaaaaaaaaaaaaaaaaaaaaaaaaaaa
    # via -r requirements-dev.in

safety==3.2.3 \
    --hash=sha256:bbbbbbbbbbbbbbbbbbbbbbbbbbbbbbbbbbbbbbbbbbbbbbbbbbbbbbbbbbbbbbbb \
    --hash=sha256:cccccccccccccccccccccccccccccccccccccccccccccccccccccccccccccccc
    # via -r requirements-dev.in

# Documentation
sphinx==7.3.7 \
    --hash=sha256:dddddddddddddddddddddddddddddddddddddddddddddddddddddddddddddddd \
    --hash=sha256:eeeeeeeeeeeeeeeeeeeeeeeeeeeeeeeeeeeeeeeeeeeeeeeeeeeeeeeeeeeeeeee
    # via sphinx-autobuild

sphinx-autobuild==2024.4.16 \
    --hash=sha256:ffffffffffffffffffffffffffffffffffffffffffffffffffffffffffffffff \
    --hash=sha256:0000000000000000000000000000000000000000000000000000000000000000
    # via -r requirements-dev.in

# Performance testing
pytest-benchmark==4.0.0 \
    --hash=sha256:1111111111111111111111111111111111111111111111111111111111111111 \
    --hash=sha256:2222222222222222222222222222222222222222222222222222222222222222
    # via -r requirements-dev.in

# Parallel testing
pytest-xdist==3.6.0 \
    --hash=sha256:3333333333333333333333333333333333333333333333333333333333333333 \
    --hash=sha256:4444444444444444444444444444444444444444444444444444444444444444
    # via -r requirements-dev.in

# Type checking
types-requests==2.32.0.20240622 \
    --hash=sha256:5555555555555555555555555555555555555555555555555555555555555555 \
    --hash=sha256:6666666666666666666666666666666666666666666666666666666666666666
    # via -r requirements-dev.in

types-PyYAML==6.0.12.20240311 \
    --hash=sha256:7777777777777777777777777777777777777777777777777777777777777777 \
    --hash=sha256:8888888888888888888888888888888888888888888888888888888888888888
    # via -r requirements-dev.in

# The following packages are commented out:
# jupyter==1.0.0
# ipython==8.18.1
# notebook==7.2.1